// !$*UTF8*$!
{
	archiveVersion = 1;
	classes = {
	};
	objectVersion = 55;
	objects = {

/* Begin PBXBuildFile section */
		552E2D3828323B1C000E79AD /* AppDelegate.swift in Sources */ = {isa = PBXBuildFile; fileRef = 552E2D3728323B1C000E79AD /* AppDelegate.swift */; };
		552E2D3A28323B1C000E79AD /* SceneDelegate.swift in Sources */ = {isa = PBXBuildFile; fileRef = 552E2D3928323B1C000E79AD /* SceneDelegate.swift */; };
		552E2D3C28323B1C000E79AD /* ViewController.swift in Sources */ = {isa = PBXBuildFile; fileRef = 552E2D3B28323B1C000E79AD /* ViewController.swift */; };
		552E2D3F28323B1C000E79AD /* Main.storyboard in Resources */ = {isa = PBXBuildFile; fileRef = 552E2D3D28323B1C000E79AD /* Main.storyboard */; };
		552E2D4228323B1C000E79AD /* TinkoffContestKwatoko.xcdatamodeld in Sources */ = {isa = PBXBuildFile; fileRef = 552E2D4028323B1C000E79AD /* TinkoffContestKwatoko.xcdatamodeld */; };
		552E2D4428323B1D000E79AD /* Assets.xcassets in Resources */ = {isa = PBXBuildFile; fileRef = 552E2D4328323B1D000E79AD /* Assets.xcassets */; };
		552E2D4728323B1D000E79AD /* LaunchScreen.storyboard in Resources */ = {isa = PBXBuildFile; fileRef = 552E2D4528323B1D000E79AD /* LaunchScreen.storyboard */; };
/* End PBXBuildFile section */

/* Begin PBXFileReference section */
		552E2D3428323B1C000E79AD /* TinkoffContestKwatoko.app */ = {isa = PBXFileReference; explicitFileType = wrapper.application; includeInIndex = 0; path = TinkoffContestKwatoko.app; sourceTree = BUILT_PRODUCTS_DIR; };
		552E2D3728323B1C000E79AD /* AppDelegate.swift */ = {isa = PBXFileReference; lastKnownFileType = sourcecode.swift; path = AppDelegate.swift; sourceTree = "<group>"; };
		552E2D3928323B1C000E79AD /* SceneDelegate.swift */ = {isa = PBXFileReference; lastKnownFileType = sourcecode.swift; path = SceneDelegate.swift; sourceTree = "<group>"; };
		552E2D3B28323B1C000E79AD /* ViewController.swift */ = {isa = PBXFileReference; lastKnownFileType = sourcecode.swift; path = ViewController.swift; sourceTree = "<group>"; };
		552E2D3E28323B1C000E79AD /* Base */ = {isa = PBXFileReference; lastKnownFileType = file.storyboard; name = Base; path = Base.lproj/Main.storyboard; sourceTree = "<group>"; };
		552E2D4128323B1C000E79AD /* TinkoffContestKwatoko.xcdatamodel */ = {isa = PBXFileReference; lastKnownFileType = wrapper.xcdatamodel; path = TinkoffContestKwatoko.xcdatamodel; sourceTree = "<group>"; };
		552E2D4328323B1D000E79AD /* Assets.xcassets */ = {isa = PBXFileReference; lastKnownFileType = folder.assetcatalog; path = Assets.xcassets; sourceTree = "<group>"; };
		552E2D4628323B1D000E79AD /* Base */ = {isa = PBXFileReference; lastKnownFileType = file.storyboard; name = Base; path = Base.lproj/LaunchScreen.storyboard; sourceTree = "<group>"; };
		552E2D4828323B1D000E79AD /* Info.plist */ = {isa = PBXFileReference; lastKnownFileType = text.plist.xml; path = Info.plist; sourceTree = "<group>"; };
/* End PBXFileReference section */

/* Begin PBXFrameworksBuildPhase section */
		552E2D3128323B1C000E79AD /* Frameworks */ = {
			isa = PBXFrameworksBuildPhase;
			buildActionMask = 2147483647;
			files = (
			);
			runOnlyForDeploymentPostprocessing = 0;
		};
/* End PBXFrameworksBuildPhase section */

/* Begin PBXGroup section */
		552E2D2B28323B1C000E79AD = {
			isa = PBXGroup;
			children = (
				552E2D3628323B1C000E79AD /* TinkoffContestKwatoko */,
				552E2D3528323B1C000E79AD /* Products */,
			);
			sourceTree = "<group>";
		};
		552E2D3528323B1C000E79AD /* Products */ = {
			isa = PBXGroup;
			children = (
				552E2D3428323B1C000E79AD /* TinkoffContestKwatoko.app */,
			);
			name = Products;
			sourceTree = "<group>";
		};
		552E2D3628323B1C000E79AD /* TinkoffContestKwatoko */ = {
			isa = PBXGroup;
			children = (
				552E2D3728323B1C000E79AD /* AppDelegate.swift */,
				552E2D3928323B1C000E79AD /* SceneDelegate.swift */,
				552E2D3B28323B1C000E79AD /* ViewController.swift */,
				552E2D3D28323B1C000E79AD /* Main.storyboard */,
				552E2D4328323B1D000E79AD /* Assets.xcassets */,
				552E2D4528323B1D000E79AD /* LaunchScreen.storyboard */,
				552E2D4828323B1D000E79AD /* Info.plist */,
				552E2D4028323B1C000E79AD /* TinkoffContestKwatoko.xcdatamodeld */,
			);
			path = TinkoffContestKwatoko;
			sourceTree = "<group>";
		};
/* End PBXGroup section */

/* Begin PBXNativeTarget section */
		552E2D3328323B1C000E79AD /* TinkoffContestKwatoko */ = {
			isa = PBXNativeTarget;
			buildConfigurationList = 552E2D4B28323B1D000E79AD /* Build configuration list for PBXNativeTarget "TinkoffContestKwatoko" */;
			buildPhases = (
				552E2D3028323B1C000E79AD /* Sources */,
				552E2D3128323B1C000E79AD /* Frameworks */,
				552E2D3228323B1C000E79AD /* Resources */,
			);
			buildRules = (
			);
			dependencies = (
			);
			name = TinkoffContestKwatoko;
			productName = TinkoffContestKwatoko;
			productReference = 552E2D3428323B1C000E79AD /* TinkoffContestKwatoko.app */;
			productType = "com.apple.product-type.application";
		};
/* End PBXNativeTarget section */

/* Begin PBXProject section */
		552E2D2C28323B1C000E79AD /* Project object */ = {
			isa = PBXProject;
			attributes = {
				BuildIndependentTargetsInParallel = 1;
				LastSwiftUpdateCheck = 1330;
				LastUpgradeCheck = 1330;
				TargetAttributes = {
					552E2D3328323B1C000E79AD = {
						CreatedOnToolsVersion = 13.3;
					};
				};
			};
			buildConfigurationList = 552E2D2F28323B1C000E79AD /* Build configuration list for PBXProject "TinkoffContestKwatoko" */;
			compatibilityVersion = "Xcode 13.0";
			developmentRegion = en;
			hasScannedForEncodings = 0;
			knownRegions = (
				en,
				Base,
			);
			mainGroup = 552E2D2B28323B1C000E79AD;
			productRefGroup = 552E2D3528323B1C000E79AD /* Products */;
			projectDirPath = "";
			projectRoot = "";
			targets = (
				552E2D3328323B1C000E79AD /* TinkoffContestKwatoko */,
			);
		};
/* End PBXProject section */

/* Begin PBXResourcesBuildPhase section */
		552E2D3228323B1C000E79AD /* Resources */ = {
			isa = PBXResourcesBuildPhase;
			buildActionMask = 2147483647;
			files = (
				552E2D4728323B1D000E79AD /* LaunchScreen.storyboard in Resources */,
				552E2D4428323B1D000E79AD /* Assets.xcassets in Resources */,
				552E2D3F28323B1C000E79AD /* Main.storyboard in Resources */,
			);
			runOnlyForDeploymentPostprocessing = 0;
		};
/* End PBXResourcesBuildPhase section */

/* Begin PBXSourcesBuildPhase section */
		552E2D3028323B1C000E79AD /* Sources */ = {
			isa = PBXSourcesBuildPhase;
			buildActionMask = 2147483647;
			files = (
				552E2D3C28323B1C000E79AD /* ViewController.swift in Sources */,
				552E2D3828323B1C000E79AD /* AppDelegate.swift in Sources */,
				552E2D3A28323B1C000E79AD /* SceneDelegate.swift in Sources */,
				552E2D4228323B1C000E79AD /* TinkoffContestKwatoko.xcdatamodeld in Sources */,
			);
			runOnlyForDeploymentPostprocessing = 0;
		};
/* End PBXSourcesBuildPhase section */

/* Begin PBXVariantGroup section */
		552E2D3D28323B1C000E79AD /* Main.storyboard */ = {
			isa = PBXVariantGroup;
			children = (
				552E2D3E28323B1C000E79AD /* Base */,
			);
			name = Main.storyboard;
			sourceTree = "<group>";
		};
		552E2D4528323B1D000E79AD /* LaunchScreen.storyboard */ = {
			isa = PBXVariantGroup;
			children = (
				552E2D4628323B1D000E79AD /* Base */,
			);
			name = LaunchScreen.storyboard;
			sourceTree = "<group>";
		};
/* End PBXVariantGroup section */

/* Begin XCBuildConfiguration section */
		552E2D4928323B1D000E79AD /* Debug */ = {
			isa = XCBuildConfiguration;
			buildSettings = {
				ALWAYS_SEARCH_USER_PATHS = NO;
				CLANG_ANALYZER_NONNULL = YES;
				CLANG_ANALYZER_NUMBER_OBJECT_CONVERSION = YES_AGGRESSIVE;
				CLANG_CXX_LANGUAGE_STANDARD = "gnu++17";
				CLANG_ENABLE_MODULES = YES;
				CLANG_ENABLE_OBJC_ARC = YES;
				CLANG_ENABLE_OBJC_WEAK = YES;
				CLANG_WARN_BLOCK_CAPTURE_AUTORELEASING = YES;
				CLANG_WARN_BOOL_CONVERSION = YES;
				CLANG_WARN_COMMA = YES;
				CLANG_WARN_CONSTANT_CONVERSION = YES;
				CLANG_WARN_DEPRECATED_OBJC_IMPLEMENTATIONS = YES;
				CLANG_WARN_DIRECT_OBJC_ISA_USAGE = YES_ERROR;
				CLANG_WARN_DOCUMENTATION_COMMENTS = YES;
				CLANG_WARN_EMPTY_BODY = YES;
				CLANG_WARN_ENUM_CONVERSION = YES;
				CLANG_WARN_INFINITE_RECURSION = YES;
				CLANG_WARN_INT_CONVERSION = YES;
				CLANG_WARN_NON_LITERAL_NULL_CONVERSION = YES;
				CLANG_WARN_OBJC_IMPLICIT_RETAIN_SELF = YES;
				CLANG_WARN_OBJC_LITERAL_CONVERSION = YES;
				CLANG_WARN_OBJC_ROOT_CLASS = YES_ERROR;
				CLANG_WARN_QUOTED_INCLUDE_IN_FRAMEWORK_HEADER = YES;
				CLANG_WARN_RANGE_LOOP_ANALYSIS = YES;
				CLANG_WARN_STRICT_PROTOTYPES = YES;
				CLANG_WARN_SUSPICIOUS_MOVE = YES;
				CLANG_WARN_UNGUARDED_AVAILABILITY = YES_AGGRESSIVE;
				CLANG_WARN_UNREACHABLE_CODE = YES;
				CLANG_WARN__DUPLICATE_METHOD_MATCH = YES;
				COPY_PHASE_STRIP = NO;
				DEBUG_INFORMATION_FORMAT = dwarf;
				ENABLE_STRICT_OBJC_MSGSEND = YES;
				ENABLE_TESTABILITY = YES;
				GCC_C_LANGUAGE_STANDARD = gnu11;
				GCC_DYNAMIC_NO_PIC = NO;
				GCC_NO_COMMON_BLOCKS = YES;
				GCC_OPTIMIZATION_LEVEL = 0;
				GCC_PREPROCESSOR_DEFINITIONS = (
					"DEBUG=1",
					"$(inherited)",
				);
				GCC_WARN_64_TO_32_BIT_CONVERSION = YES;
				GCC_WARN_ABOUT_RETURN_TYPE = YES_ERROR;
				GCC_WARN_UNDECLARED_SELECTOR = YES;
				GCC_WARN_UNINITIALIZED_AUTOS = YES_AGGRESSIVE;
				GCC_WARN_UNUSED_FUNCTION = YES;
				GCC_WARN_UNUSED_VARIABLE = YES;
				IPHONEOS_DEPLOYMENT_TARGET = 15.4;
				MTL_ENABLE_DEBUG_INFO = INCLUDE_SOURCE;
				MTL_FAST_MATH = YES;
				ONLY_ACTIVE_ARCH = YES;
				SDKROOT = iphoneos;
				SWIFT_ACTIVE_COMPILATION_CONDITIONS = DEBUG;
				SWIFT_OPTIMIZATION_LEVEL = "-Onone";
			};
			name = Debug;
		};
		552E2D4A28323B1D000E79AD /* Release */ = {
			isa = XCBuildConfiguration;
			buildSettings = {
				ALWAYS_SEARCH_USER_PATHS = NO;
				CLANG_ANALYZER_NONNULL = YES;
				CLANG_ANALYZER_NUMBER_OBJECT_CONVERSION = YES_AGGRESSIVE;
				CLANG_CXX_LANGUAGE_STANDARD = "gnu++17";
				CLANG_ENABLE_MODULES = YES;
				CLANG_ENABLE_OBJC_ARC = YES;
				CLANG_ENABLE_OBJC_WEAK = YES;
				CLANG_WARN_BLOCK_CAPTURE_AUTORELEASING = YES;
				CLANG_WARN_BOOL_CONVERSION = YES;
				CLANG_WARN_COMMA = YES;
				CLANG_WARN_CONSTANT_CONVERSION = YES;
				CLANG_WARN_DEPRECATED_OBJC_IMPLEMENTATIONS = YES;
				CLANG_WARN_DIRECT_OBJC_ISA_USAGE = YES_ERROR;
				CLANG_WARN_DOCUMENTATION_COMMENTS = YES;
				CLANG_WARN_EMPTY_BODY = YES;
				CLANG_WARN_ENUM_CONVERSION = YES;
				CLANG_WARN_INFINITE_RECURSION = YES;
				CLANG_WARN_INT_CONVERSION = YES;
				CLANG_WARN_NON_LITERAL_NULL_CONVERSION = YES;
				CLANG_WARN_OBJC_IMPLICIT_RETAIN_SELF = YES;
				CLANG_WARN_OBJC_LITERAL_CONVERSION = YES;
				CLANG_WARN_OBJC_ROOT_CLASS = YES_ERROR;
				CLANG_WARN_QUOTED_INCLUDE_IN_FRAMEWORK_HEADER = YES;
				CLANG_WARN_RANGE_LOOP_ANALYSIS = YES;
				CLANG_WARN_STRICT_PROTOTYPES = YES;
				CLANG_WARN_SUSPICIOUS_MOVE = YES;
				CLANG_WARN_UNGUARDED_AVAILABILITY = YES_AGGRESSIVE;
				CLANG_WARN_UNREACHABLE_CODE = YES;
				CLANG_WARN__DUPLICATE_METHOD_MATCH = YES;
				COPY_PHASE_STRIP = NO;
				DEBUG_INFORMATION_FORMAT = "dwarf-with-dsym";
				ENABLE_NS_ASSERTIONS = NO;
				ENABLE_STRICT_OBJC_MSGSEND = YES;
				GCC_C_LANGUAGE_STANDARD = gnu11;
				GCC_NO_COMMON_BLOCKS = YES;
				GCC_WARN_64_TO_32_BIT_CONVERSION = YES;
				GCC_WARN_ABOUT_RETURN_TYPE = YES_ERROR;
				GCC_WARN_UNDECLARED_SELECTOR = YES;
				GCC_WARN_UNINITIALIZED_AUTOS = YES_AGGRESSIVE;
				GCC_WARN_UNUSED_FUNCTION = YES;
				GCC_WARN_UNUSED_VARIABLE = YES;
				IPHONEOS_DEPLOYMENT_TARGET = 15.4;
				MTL_ENABLE_DEBUG_INFO = NO;
				MTL_FAST_MATH = YES;
				SDKROOT = iphoneos;
				SWIFT_COMPILATION_MODE = wholemodule;
				SWIFT_OPTIMIZATION_LEVEL = "-O";
				VALIDATE_PRODUCT = YES;
			};
			name = Release;
		};
		552E2D4C28323B1D000E79AD /* Debug */ = {
			isa = XCBuildConfiguration;
			buildSettings = {
				ASSETCATALOG_COMPILER_APPICON_NAME = AppIcon;
				ASSETCATALOG_COMPILER_GLOBAL_ACCENT_COLOR_NAME = AccentColor;
				CODE_SIGN_STYLE = Automatic;
				CURRENT_PROJECT_VERSION = 1;
				DEVELOPMENT_TEAM = 5PD3WD5BAH;
				GENERATE_INFOPLIST_FILE = YES;
				INFOPLIST_FILE = TinkoffContestKwatoko/Info.plist;
				INFOPLIST_KEY_UIApplicationSupportsIndirectInputEvents = YES;
				INFOPLIST_KEY_UILaunchStoryboardName = LaunchScreen;
				INFOPLIST_KEY_UIMainStoryboardFile = Main;
				INFOPLIST_KEY_UISupportedInterfaceOrientations_iPad = "UIInterfaceOrientationPortrait UIInterfaceOrientationPortraitUpsideDown UIInterfaceOrientationLandscapeLeft UIInterfaceOrientationLandscapeRight";
				INFOPLIST_KEY_UISupportedInterfaceOrientations_iPhone = "UIInterfaceOrientationPortrait UIInterfaceOrientationLandscapeLeft UIInterfaceOrientationLandscapeRight";
				LD_RUNPATH_SEARCH_PATHS = (
					"$(inherited)",
					"@executable_path/Frameworks",
				);
				MARKETING_VERSION = 1.0;
				PRODUCT_BUNDLE_IDENTIFIER = av.personal.TinkoffContestKwatoko;
				PRODUCT_NAME = "$(TARGET_NAME)";
				SWIFT_EMIT_LOC_STRINGS = YES;
				SWIFT_VERSION = 5.0;
				TARGETED_DEVICE_FAMILY = "1,2";
			};
			name = Debug;
		};
		552E2D4D28323B1D000E79AD /* Release */ = {
			isa = XCBuildConfiguration;
			buildSettings = {
				ASSETCATALOG_COMPILER_APPICON_NAME = AppIcon;
				ASSETCATALOG_COMPILER_GLOBAL_ACCENT_COLOR_NAME = AccentColor;
				CODE_SIGN_STYLE = Automatic;
				CURRENT_PROJECT_VERSION = 1;
				DEVELOPMENT_TEAM = 5PD3WD5BAH;
				GENERATE_INFOPLIST_FILE = YES;
				INFOPLIST_FILE = TinkoffContestKwatoko/Info.plist;
				INFOPLIST_KEY_UIApplicationSupportsIndirectInputEvents = YES;
				INFOPLIST_KEY_UILaunchStoryboardName = LaunchScreen;
				INFOPLIST_KEY_UIMainStoryboardFile = Main;
				INFOPLIST_KEY_UISupportedInterfaceOrientations_iPad = "UIInterfaceOrientationPortrait UIInterfaceOrientationPortraitUpsideDown UIInterfaceOrientationLandscapeLeft UIInterfaceOrientationLandscapeRight";
				INFOPLIST_KEY_UISupportedInterfaceOrientations_iPhone = "UIInterfaceOrientationPortrait UIInterfaceOrientationLandscapeLeft UIInterfaceOrientationLandscapeRight";
				LD_RUNPATH_SEARCH_PATHS = (
					"$(inherited)",
					"@executable_path/Frameworks",
				);
				MARKETING_VERSION = 1.0;
				PRODUCT_BUNDLE_IDENTIFIER = av.personal.TinkoffContestKwatoko;
				PRODUCT_NAME = "$(TARGET_NAME)";
				SWIFT_EMIT_LOC_STRINGS = YES;
				SWIFT_VERSION = 5.0;
				TARGETED_DEVICE_FAMILY = "1,2";
			};
			name = Release;
		};
/* End XCBuildConfiguration section */

/* Begin XCConfigurationList section */
		552E2D2F28323B1C000E79AD /* Build configuration list for PBXProject "TinkoffContestKwatoko" */ = {
			isa = XCConfigurationList;
			buildConfigurations = (
				552E2D4928323B1D000E79AD /* Debug */,
				552E2D4A28323B1D000E79AD /* Release */,
			);
			defaultConfigurationIsVisible = 0;
			defaultConfigurationName = Release;
		};
		552E2D4B28323B1D000E79AD /* Build configuration list for PBXNativeTarget "TinkoffContestKwatoko" */ = {
			isa = XCConfigurationList;
			buildConfigurations = (
				552E2D4C28323B1D000E79AD /* Debug */,
				552E2D4D28323B1D000E79AD /* Release */,
			);
			defaultConfigurationIsVisible = 0;
			defaultConfigurationName = Release;
		};
/* End XCConfigurationList section */

/* Begin XCVersionGroup section */
		552E2D4028323B1C000E79AD /* TinkoffContestKwatoko.xcdatamodeld */ = {
			isa = XCVersionGroup;
			children = (
				552E2D4128323B1C000E79AD /* TinkoffContestKwatoko.xcdatamodel */,
			);
			currentVersion = 552E2D4128323B1C000E79AD /* TinkoffContestKwatoko.xcdatamodel */;
			path = TinkoffContestKwatoko.xcdatamodeld;
			sourceTree = "<group>";
			versionGroupType = wrapper.xcdatamodel;
		};
/* End XCVersionGroup section */
	};
	rootObject = 552E2D2C28323B1C000E79AD /* Project object */;
}
